<?xml version="1.0" encoding="utf-8"?>
<Project ToolsVersion="4.0" xmlns="http://schemas.microsoft.com/developer/msbuild/2003">
  <ItemGroup>
    <Filter Include="Source Files">
      <UniqueIdentifier>{4FC737F1-C7A5-4376-A066-2A32D752A2FF}</UniqueIdentifier>
      <Extensions>cpp;c;cc;cxx;def;odl;idl;hpj;bat;asm;asmx</Extensions>
    </Filter>
    <Filter Include="Header Files">
      <UniqueIdentifier>{93995380-89BD-4b04-88EB-625FBE52EBFB}</UniqueIdentifier>
      <Extensions>h;hh;hpp;hxx;hm;inl;inc;xsd</Extensions>
    </Filter>
    <Filter Include="Resource Files">
      <UniqueIdentifier>{67DA6AB6-F800-4c08-8B7A-83BB121AAD01}</UniqueIdentifier>
      <Extensions>rc;ico;cur;bmp;dlg;rc2;rct;bin;rgs;gif;jpg;jpeg;jpe;resx;tiff;tif;png;wav;mfcribbon-ms</Extensions>
    </Filter>
  </ItemGroup>
  <ItemGroup>
    <Text Include="ReadMe.txt" />
  </ItemGroup>
  <ItemGroup>
    <ClCompile Include="Dlg_ATmega.cpp">
      <Filter>Source Files</Filter>
    </ClCompile>
    <ClCompile Include="dllmain.cpp">
      <Filter>Source Files</Filter>
    </ClCompile>
    <ClCompile Include="stdafx.cpp">
      <Filter>Source Files</Filter>
    </ClCompile>
    <ClCompile Include="Dlg_ATmega128.cpp">
      <Filter>Source Files</Filter>
    </ClCompile>
    <ClCompile Include="Dlg_ATmega8.cpp">
      <Filter>Source Files</Filter>
    </ClCompile>
    <ClCompile Include="Dlg_ATmega16.cpp">
      <Filter>Source Files</Filter>
    </ClCompile>
    <ClCompile Include="Dlg_ATmegaU2.cpp">
      <Filter>Source Files</Filter>
    </ClCompile>
    <ClCompile Include="Dlg_ATmegaM1.cpp">
      <Filter>Source Files</Filter>
    </ClCompile>
    <ClCompile Include="Dlg_ATmega48.cpp">
      <Filter>Source Files</Filter>
    </ClCompile>
    <ClCompile Include="Dlg_ATmega88.cpp">
      <Filter>Source Files</Filter>
    </ClCompile>
    <ClCompile Include="Dlg_ATmega328.cpp">
      <Filter>Source Files</Filter>
    </ClCompile>
    <ClCompile Include="Dlg_ATmega162.cpp">
      <Filter>Source Files</Filter>
    </ClCompile>
    <ClCompile Include="Dlg_ATmegaX0X4.cpp">
      <Filter>Source Files</Filter>
    </ClCompile>
    <ClCompile Include="Dlg_ATmegaX5X9.cpp">
      <Filter>Source Files</Filter>
    </ClCompile>
    <ClCompile Include="Dlg_AT90CAN.cpp">
      <Filter>Source Files</Filter>
    </ClCompile>
    <ClCompile Include="Dlg_AT90PWMX.cpp">
      <Filter>Source Files</Filter>
    </ClCompile>
    <ClCompile Include="Dlg_AT90PWMX1.cpp">
      <Filter>Source Files</Filter>
    </ClCompile>
    <ClCompile Include="Dlg_AT90USB.cpp">
      <Filter>Source Files</Filter>
    </ClCompile>
    <ClCompile Include="Dlg_ATmegaHVA.cpp">
      <Filter>Source Files</Filter>
    </ClCompile>
    <ClCompile Include="Dlg_ATmegaHVB.cpp">
      <Filter>Source Files</Filter>
    </ClCompile>
  </ItemGroup>
  <ItemGroup>
    <None Include="Dlg_ATmega.def">
      <Filter>Source Files</Filter>
    </None>
    <None Include="res\Dlg_ATmega.rc2">
      <Filter>Resource Files</Filter>
    </None>
  </ItemGroup>
  <ItemGroup>
    <ClInclude Include="stdafx.h">
      <Filter>Header Files</Filter>
    </ClInclude>
    <ClInclude Include="targetver.h">
      <Filter>Header Files</Filter>
    </ClInclude>
    <ClInclude Include="Resource.h">
      <Filter>Header Files</Filter>
    </ClInclude>
    <ClInclude Include="Dlg_ATmega128.h">
      <Filter>Header Files</Filter>
    </ClInclude>
    <ClInclude Include="numeric_conversion.h">
      <Filter>Header Files</Filter>
    </ClInclude>
    <ClInclude Include="Dlg_ATmega8.h">
      <Filter>Header Files</Filter>
    </ClInclude>
    <ClInclude Include="Dlg_ATmega16.h">
      <Filter>Header Files</Filter>
    </ClInclude>
    <ClInclude Include="Dlg_ATmegaU2.h">
      <Filter>Header Files</Filter>
    </ClInclude>
    <ClInclude Include="Dlg_ATmegaM1.h">
      <Filter>Header Files</Filter>
    </ClInclude>
    <ClInclude Include="Dlg_ATmega48.h">
      <Filter>Header Files</Filter>
    </ClInclude>
    <ClInclude Include="Dlg_ATmega88.h">
      <Filter>Header Files</Filter>
    </ClInclude>
    <ClInclude Include="Dlg_ATmega328.h">
      <Filter>Header Files</Filter>
    </ClInclude>
    <ClInclude Include="Dlg_ATmega162.h">
      <Filter>Header Files</Filter>
    </ClInclude>
    <ClInclude Include="Dlg_ATmegaX0X4.h">
      <Filter>Header Files</Filter>
    </ClInclude>
    <ClInclude Include="Dlg_ATmegaX5X9.h">
      <Filter>Header Files</Filter>
    </ClInclude>
    <ClInclude Include="Dlg_AT90CAN.h">
      <Filter>Header Files</Filter>
    </ClInclude>
    <ClInclude Include="Dlg_AT90PWMX.h">
      <Filter>Header Files</Filter>
    </ClInclude>
    <ClInclude Include="Dlg_AT90PWMX1.h">
      <Filter>Header Files</Filter>
    </ClInclude>
    <ClInclude Include="Dlg_AT90USB.h">
      <Filter>Header Files</Filter>
    </ClInclude>
    <ClInclude Include="Dlg_ATmegaHVA.h">
      <Filter>Header Files</Filter>
    </ClInclude>
    <ClInclude Include="Dlg_ATmegaHVB.h">
      <Filter>Header Files</Filter>
    </ClInclude>
  </ItemGroup>
  <ItemGroup>
    <ResourceCompile Include="Dlg_ATmega.rc">
      <Filter>Resource Files</Filter>
    </ResourceCompile>
  </ItemGroup>
</Project>