<?xml version="1.0" encoding="utf-8"?>
<Project ToolsVersion="4.0" xmlns="http://schemas.microsoft.com/developer/msbuild/2003">
  <ItemGroup>
    <ClCompile Include="DLG_ISD9XXX.cpp">
      <Filter>Source Files</Filter>
    </ClCompile>
    <ClCompile Include="dialogNuMicro.cpp">
      <Filter>Source Files</Filter>
    </ClCompile>
    <ClCompile Include="DLG_M05X.cpp">
      <Filter>Source Files</Filter>
    </ClCompile>
    <ClCompile Include="DLG_M0518.cpp">
      <Filter>Source Files</Filter>
    </ClCompile>
    <ClCompile Include="DLG_Nu8051.cpp">
      <Filter>Source Files</Filter>
    </ClCompile>
    <ClCompile Include="DLG_NUC1X0ACN.cpp">
      <Filter>Source Files</Filter>
    </ClCompile>
    <ClCompile Include="DlgMini51.cpp">
      <Filter>Source Files</Filter>
    </ClCompile>
    <ClCompile Include="dllmain.cpp">
      <Filter>Source Files</Filter>
    </ClCompile>
    <ClCompile Include="stdafx.cpp">
      <Filter>Source Files</Filter>
    </ClCompile>
    <ClCompile Include="Dlg_N78E517.cpp">
      <Filter>Source Files</Filter>
    </ClCompile>
    <ClCompile Include="Dlg_NUC103.cpp">
      <Filter>Source Files</Filter>
    </ClCompile>
    <ClCompile Include="Dlg_NUC120DN.cpp">
      <Filter>Source Files</Filter>
    </ClCompile>
    <ClCompile Include="Dlg_Nano1X0BN.cpp">
      <Filter>Source Files</Filter>
    </ClCompile>
    <ClCompile Include="Dlg_Nano1X0AN.cpp">
      <Filter>Source Files</Filter>
    </ClCompile>
    <ClCompile Include="Dlg_Mini58.cpp">
      <Filter>Source Files</Filter>
    </ClCompile>
    <ClCompile Include="Dlg_M05XD.cpp">
      <Filter>Source Files</Filter>
    </ClCompile>
    <ClCompile Include="Dlg_Mini51D.cpp">
      <Filter>Source Files</Filter>
    </ClCompile>
    <ClCompile Include="Dlg_M451AE.cpp">
      <Filter>Source Files</Filter>
    </ClCompile>
    <ClCompile Include="Dlg_N79E7X.cpp">
      <Filter>Source Files</Filter>
    </ClCompile>
    <ClCompile Include="Dlg_M0519.cpp">
      <Filter>Source Files</Filter>
    </ClCompile>
    <ClCompile Include="Dlg_Nano102.cpp">
      <Filter>Source Files</Filter>
    </ClCompile>
  </ItemGroup>
  <ItemGroup>
    <ClInclude Include="DLG_ISD9XXX.h">
      <Filter>Header Files</Filter>
    </ClInclude>
    <ClInclude Include="DLG_M05X.h">
      <Filter>Header Files</Filter>
    </ClInclude>
    <ClInclude Include="DLG_Nu8051.h">
      <Filter>Header Files</Filter>
    </ClInclude>
    <ClInclude Include="DLG_M0518.h">
      <Filter>Header Files</Filter>
    </ClInclude>
    <ClInclude Include="DlgMini51.h">
      <Filter>Header Files</Filter>
    </ClInclude>
    <ClInclude Include="DLG_NUC1X0ACN.h">
      <Filter>Header Files</Filter>
    </ClInclude>
    <ClInclude Include="Resource.h">
      <Filter>Header Files</Filter>
    </ClInclude>
    <ClInclude Include="stdafx.h">
      <Filter>Header Files</Filter>
    </ClInclude>
    <ClInclude Include="numeric_conversion.h">
      <Filter>Header Files</Filter>
    </ClInclude>
    <ClInclude Include="targetver.h">
      <Filter>Header Files</Filter>
    </ClInclude>
    <ClInclude Include="Dlg_N78E517.h">
      <Filter>Header Files</Filter>
    </ClInclude>
    <ClInclude Include="Dlg_NUC103.h">
      <Filter>Header Files</Filter>
    </ClInclude>
    <ClInclude Include="Dlg_NUC120DN.h">
      <Filter>Header Files</Filter>
    </ClInclude>
    <ClInclude Include="Dlg_Nano1X0BN.h">
      <Filter>Header Files</Filter>
    </ClInclude>
    <ClInclude Include="Dlg_Nano1X0AN.h">
      <Filter>Header Files</Filter>
    </ClInclude>
    <ClInclude Include="Dlg_Mini58.h">
      <Filter>Header Files</Filter>
    </ClInclude>
    <ClInclude Include="Dlg_M05XD.h">
      <Filter>Header Files</Filter>
    </ClInclude>
    <ClInclude Include="Dlg_Mini51D.h">
      <Filter>Header Files</Filter>
    </ClInclude>
    <ClInclude Include="Dlg_M451AE.h">
      <Filter>Header Files</Filter>
    </ClInclude>
    <ClInclude Include="Dlg_N79E7X.h">
      <Filter>Header Files</Filter>
    </ClInclude>
    <ClInclude Include="Dlg_M0519.h">
      <Filter>Header Files</Filter>
    </ClInclude>
    <ClInclude Include="Dlg_Nano102.h">
      <Filter>Header Files</Filter>
    </ClInclude>
  </ItemGroup>
  <ItemGroup>
    <None Include="res\dialogNuMicro.rc2">
      <Filter>Resource Files</Filter>
    </None>
    <None Include="dialogNuMicro.def">
      <Filter>Source Files</Filter>
    </None>
  </ItemGroup>
  <ItemGroup>
    <Text Include="ReadMe.txt" />
  </ItemGroup>
  <ItemGroup>
    <Filter Include="Header Files">
      <UniqueIdentifier>{787c6b76-a14a-40cb-aed7-cd8a93bdcd67}</UniqueIdentifier>
    </Filter>
    <Filter Include="Resource Files">
      <UniqueIdentifier>{10613d4b-e37f-4253-b659-2d4e271a15a7}</UniqueIdentifier>
    </Filter>
    <Filter Include="Source Files">
      <UniqueIdentifier>{c526167f-740e-4871-87b4-df1daa4963ee}</UniqueIdentifier>
    </Filter>
  </ItemGroup>
  <ItemGroup>
    <ResourceCompile Include="dialogNuMicro.rc">
      <Filter>Resource Files</Filter>
    </ResourceCompile>
  </ItemGroup>
</Project>